
Microsoft Visual Studio Solution File, Format Version 12.00
# Visual Studio Version 17
VisualStudioVersion = 17.6.33829.357
MinimumVisualStudioVersion = 10.0.40219.1
Project("{FAE04EC0-301F-11D3-BF4B-00C04F79EFBC}") = "01.MarketPlace", "08.ComplexConditionalStatements\01.MarketPlace.csproj", "{1493363B-3377-4B48-915D-2F8F40F6A725}"
EndProject
Project("{FAE04EC0-301F-11D3-BF4B-00C04F79EFBC}") = "02.LargestNumberOutOfThree", "02.LargestNumberOutOfThree\02.LargestNumberOutOfThree.csproj", "{659245F9-BC97-491D-BB7A-55EAD9A45F1E}"
EndProject
Project("{FAE04EC0-301F-11D3-BF4B-00C04F79EFBC}") = "03.BonusScore", "03.BonusScore\03.BonusScore.csproj", "{E412462C-95F6-497D-8C23-3198BB7C43EE}"
EndProject
Project("{FAE04EC0-301F-11D3-BF4B-00C04F79EFBC}") = "04.FoodOrDrink", "04.FoodOrDrink\04.FoodOrDrink.csproj", "{F1A2A16C-B185-4C1F-BAA1-15EBD915C6C7}"
EndProject
Project("{FAE04EC0-301F-11D3-BF4B-00C04F79EFBC}") = "05.FruitOrVegetable", "05.FruitOrVegetable\05.FruitOrVegetable.csproj", "{CF7C514B-CD98-4041-A97B-4A75E9C86A6F}"
EndProject
Project("{FAE04EC0-301F-11D3-BF4B-00C04F79EFBC}") = "06.DayOfWeek", "06.DayOfWeek\06.DayOfWeek.csproj", "{C066AC68-4045-4933-8E74-0661AA2799E1}"
EndProject
Project("{FAE04EC0-301F-11D3-BF4B-00C04F79EFBC}") = "07.VowelOrConsonant", "07.VowelOrConsonant\07.VowelOrConsonant.csproj", "{88B2CC36-0F90-460D-89F1-CE94776D3B12}"
EndProject
Project("{FAE04EC0-301F-11D3-BF4B-00C04F79EFBC}") = "08.SortedNumbers", "08.SortedNumbers\08.SortedNumbers.csproj", "{B8FB7C8F-AC21-4949-A4A4-7C2C0F73E918}"
EndProject
Project("{FAE04EC0-301F-11D3-BF4B-00C04F79EFBC}") = "09.Cinema", "09.Cinema\09.Cinema.csproj", "{450F9711-B851-47DE-9C24-4116D09B46B4}"
EndProject
Global
	GlobalSection(SolutionConfigurationPlatforms) = preSolution
		Debug|Any CPU = Debug|Any CPU
		Release|Any CPU = Release|Any CPU
	EndGlobalSection
	GlobalSection(ProjectConfigurationPlatforms) = postSolution
		{1493363B-3377-4B48-915D-2F8F40F6A725}.Debug|Any CPU.ActiveCfg = Debug|Any CPU
		{1493363B-3377-4B48-915D-2F8F40F6A725}.Debug|Any CPU.Build.0 = Debug|Any CPU
		{1493363B-3377-4B48-915D-2F8F40F6A725}.Release|Any CPU.ActiveCfg = Release|Any CPU
		{1493363B-3377-4B48-915D-2F8F40F6A725}.Release|Any CPU.Build.0 = Release|Any CPU
		{659245F9-BC97-491D-BB7A-55EAD9A45F1E}.Debug|Any CPU.ActiveCfg = Debug|Any CPU
		{659245F9-BC97-491D-BB7A-55EAD9A45F1E}.Debug|Any CPU.Build.0 = Debug|Any CPU
		{659245F9-BC97-491D-BB7A-55EAD9A45F1E}.Release|Any CPU.ActiveCfg = Release|Any CPU
		{659245F9-BC97-491D-BB7A-55EAD9A45F1E}.Release|Any CPU.Build.0 = Release|Any CPU
		{E412462C-95F6-497D-8C23-3198BB7C43EE}.Debug|Any CPU.ActiveCfg = Debug|Any CPU
		{E412462C-95F6-497D-8C23-3198BB7C43EE}.Debug|Any CPU.Build.0 = Debug|Any CPU
		{E412462C-95F6-497D-8C23-3198BB7C43EE}.Release|Any CPU.ActiveCfg = Release|Any CPU
		{E412462C-95F6-497D-8C23-3198BB7C43EE}.Release|Any CPU.Build.0 = Release|Any CPU
		{F1A2A16C-B185-4C1F-BAA1-15EBD915C6C7}.Debug|Any CPU.ActiveCfg = Debug|Any CPU
		{F1A2A16C-B185-4C1F-BAA1-15EBD915C6C7}.Debug|Any CPU.Build.0 = Debug|Any CPU
		{F1A2A16C-B185-4C1F-BAA1-15EBD915C6C7}.Release|Any CPU.ActiveCfg = Release|Any CPU
		{F1A2A16C-B185-4C1F-BAA1-15EBD915C6C7}.Release|Any CPU.Build.0 = Release|Any CPU
		{CF7C514B-CD98-4041-A97B-4A75E9C86A6F}.Debug|Any CPU.ActiveCfg = Debug|Any CPU
		{CF7C514B-CD98-4041-A97B-4A75E9C86A6F}.Debug|Any CPU.Build.0 = Debug|Any CPU
		{CF7C514B-CD98-4041-A97B-4A75E9C86A6F}.Release|Any CPU.ActiveCfg = Release|Any CPU
		{CF7C514B-CD98-4041-A97B-4A75E9C86A6F}.Release|Any CPU.Build.0 = Release|Any CPU
		{C066AC68-4045-4933-8E74-0661AA2799E1}.Debug|Any CPU.ActiveCfg = Debug|Any CPU
		{C066AC68-4045-4933-8E74-0661AA2799E1}.Debug|Any CPU.Build.0 = Debug|Any CPU
		{C066AC68-4045-4933-8E74-0661AA2799E1}.Release|Any CPU.ActiveCfg = Release|Any CPU
		{C066AC68-4045-4933-8E74-0661AA2799E1}.Release|Any CPU.Build.0 = Release|Any CPU
		{88B2CC36-0F90-460D-89F1-CE94776D3B12}.Debug|Any CPU.ActiveCfg = Debug|Any CPU
		{88B2CC36-0F90-460D-89F1-CE94776D3B12}.Debug|Any CPU.Build.0 = Debug|Any CPU
		{88B2CC36-0F90-460D-89F1-CE94776D3B12}.Release|Any CPU.ActiveCfg = Release|Any CPU
		{88B2CC36-0F90-460D-89F1-CE94776D3B12}.Release|Any CPU.Build.0 = Release|Any CPU
		{B8FB7C8F-AC21-4949-A4A4-7C2C0F73E918}.Debug|Any CPU.ActiveCfg = Debug|Any CPU
		{B8FB7C8F-AC21-4949-A4A4-7C2C0F73E918}.Debug|Any CPU.Build.0 = Debug|Any CPU
		{B8FB7C8F-AC21-4949-A4A4-7C2C0F73E918}.Release|Any CPU.ActiveCfg = Release|Any CPU
		{B8FB7C8F-AC21-4949-A4A4-7C2C0F73E918}.Release|Any CPU.Build.0 = Release|Any CPU
		{450F9711-B851-47DE-9C24-4116D09B46B4}.Debug|Any CPU.ActiveCfg = Debug|Any CPU
		{450F9711-B851-47DE-9C24-4116D09B46B4}.Debug|Any CPU.Build.0 = Debug|Any CPU
		{450F9711-B851-47DE-9C24-4116D09B46B4}.Release|Any CPU.ActiveCfg = Release|Any CPU
		{450F9711-B851-47DE-9C24-4116D09B46B4}.Release|Any CPU.Build.0 = Release|Any CPU
	EndGlobalSection
	GlobalSection(SolutionProperties) = preSolution
		HideSolutionNode = FALSE
	EndGlobalSection
	GlobalSection(ExtensibilityGlobals) = postSolution
		SolutionGuid = {487D41F9-61B6-48FA-88A3-EA4FEFBFF820}
	EndGlobalSection
EndGlobal
