
Microsoft Visual Studio Solution File, Format Version 12.00
# Visual Studio Version 17
VisualStudioVersion = 17.6.33829.357
MinimumVisualStudioVersion = 10.0.40219.1
Project("{FAE04EC0-301F-11D3-BF4B-00C04F79EFBC}") = "01.NumbersEndingIn7", "05.LoopsSimpleLoopsExercise\01.NumbersEndingIn7.csproj", "{213915C2-4340-4947-86FD-1570915F75E6}"
EndProject
Project("{FAE04EC0-301F-11D3-BF4B-00C04F79EFBC}") = "02.HalfSumElement", "02.HalfSumElement\02.HalfSumElement.csproj", "{97E8B03B-0E5F-48E5-8A4D-1A1E1632960B}"
EndProject
Project("{FAE04EC0-301F-11D3-BF4B-00C04F79EFBC}") = "03.OldBooks", "03.OldBooks\03.OldBooks.csproj", "{66DEDDDE-4164-425D-B905-945A18C295AA}"
EndProject
Project("{FAE04EC0-301F-11D3-BF4B-00C04F79EFBC}") = "04.ExamPreparation", "04.ExamPreparation\04.ExamPreparation.csproj", "{DABF6EDB-9E9F-4D88-B1CA-D64221F76AEB}"
EndProject
Project("{FAE04EC0-301F-11D3-BF4B-00C04F79EFBC}") = "05.Vacation", "05.Vacation\05.Vacation.csproj", "{FDA661FF-014A-4FC4-A228-A66A9154BF51}"
EndProject
Project("{FAE04EC0-301F-11D3-BF4B-00C04F79EFBC}") = "06.Walking", "06.Walking\06.Walking.csproj", "{6CECF49D-27D8-4B39-94BE-332BF882B169}"
EndProject
Project("{FAE04EC0-301F-11D3-BF4B-00C04F79EFBC}") = "07.Coins", "07.Coins\07.Coins.csproj", "{8247F959-8788-441A-9D40-FEBF6CF76F02}"
EndProject
Project("{FAE04EC0-301F-11D3-BF4B-00C04F79EFBC}") = "08.Cake", "08.Cake\08.Cake.csproj", "{1AE9F382-6040-470D-92F9-EE6DF4EC96B7}"
EndProject
Project("{FAE04EC0-301F-11D3-BF4B-00C04F79EFBC}") = "09.Moving", "09.Moving\09.Moving.csproj", "{84685AE5-0170-4887-BA46-DEF5E438728B}"
EndProject
Global
	GlobalSection(SolutionConfigurationPlatforms) = preSolution
		Debug|Any CPU = Debug|Any CPU
		Release|Any CPU = Release|Any CPU
	EndGlobalSection
	GlobalSection(ProjectConfigurationPlatforms) = postSolution
		{213915C2-4340-4947-86FD-1570915F75E6}.Debug|Any CPU.ActiveCfg = Debug|Any CPU
		{213915C2-4340-4947-86FD-1570915F75E6}.Debug|Any CPU.Build.0 = Debug|Any CPU
		{213915C2-4340-4947-86FD-1570915F75E6}.Release|Any CPU.ActiveCfg = Release|Any CPU
		{213915C2-4340-4947-86FD-1570915F75E6}.Release|Any CPU.Build.0 = Release|Any CPU
		{97E8B03B-0E5F-48E5-8A4D-1A1E1632960B}.Debug|Any CPU.ActiveCfg = Debug|Any CPU
		{97E8B03B-0E5F-48E5-8A4D-1A1E1632960B}.Debug|Any CPU.Build.0 = Debug|Any CPU
		{97E8B03B-0E5F-48E5-8A4D-1A1E1632960B}.Release|Any CPU.ActiveCfg = Release|Any CPU
		{97E8B03B-0E5F-48E5-8A4D-1A1E1632960B}.Release|Any CPU.Build.0 = Release|Any CPU
		{66DEDDDE-4164-425D-B905-945A18C295AA}.Debug|Any CPU.ActiveCfg = Debug|Any CPU
		{66DEDDDE-4164-425D-B905-945A18C295AA}.Debug|Any CPU.Build.0 = Debug|Any CPU
		{66DEDDDE-4164-425D-B905-945A18C295AA}.Release|Any CPU.ActiveCfg = Release|Any CPU
		{66DEDDDE-4164-425D-B905-945A18C295AA}.Release|Any CPU.Build.0 = Release|Any CPU
		{DABF6EDB-9E9F-4D88-B1CA-D64221F76AEB}.Debug|Any CPU.ActiveCfg = Debug|Any CPU
		{DABF6EDB-9E9F-4D88-B1CA-D64221F76AEB}.Debug|Any CPU.Build.0 = Debug|Any CPU
		{DABF6EDB-9E9F-4D88-B1CA-D64221F76AEB}.Release|Any CPU.ActiveCfg = Release|Any CPU
		{DABF6EDB-9E9F-4D88-B1CA-D64221F76AEB}.Release|Any CPU.Build.0 = Release|Any CPU
		{FDA661FF-014A-4FC4-A228-A66A9154BF51}.Debug|Any CPU.ActiveCfg = Debug|Any CPU
		{FDA661FF-014A-4FC4-A228-A66A9154BF51}.Debug|Any CPU.Build.0 = Debug|Any CPU
		{FDA661FF-014A-4FC4-A228-A66A9154BF51}.Release|Any CPU.ActiveCfg = Release|Any CPU
		{FDA661FF-014A-4FC4-A228-A66A9154BF51}.Release|Any CPU.Build.0 = Release|Any CPU
		{6CECF49D-27D8-4B39-94BE-332BF882B169}.Debug|Any CPU.ActiveCfg = Debug|Any CPU
		{6CECF49D-27D8-4B39-94BE-332BF882B169}.Debug|Any CPU.Build.0 = Debug|Any CPU
		{6CECF49D-27D8-4B39-94BE-332BF882B169}.Release|Any CPU.ActiveCfg = Release|Any CPU
		{6CECF49D-27D8-4B39-94BE-332BF882B169}.Release|Any CPU.Build.0 = Release|Any CPU
		{8247F959-8788-441A-9D40-FEBF6CF76F02}.Debug|Any CPU.ActiveCfg = Debug|Any CPU
		{8247F959-8788-441A-9D40-FEBF6CF76F02}.Debug|Any CPU.Build.0 = Debug|Any CPU
		{8247F959-8788-441A-9D40-FEBF6CF76F02}.Release|Any CPU.ActiveCfg = Release|Any CPU
		{8247F959-8788-441A-9D40-FEBF6CF76F02}.Release|Any CPU.Build.0 = Release|Any CPU
		{1AE9F382-6040-470D-92F9-EE6DF4EC96B7}.Debug|Any CPU.ActiveCfg = Debug|Any CPU
		{1AE9F382-6040-470D-92F9-EE6DF4EC96B7}.Debug|Any CPU.Build.0 = Debug|Any CPU
		{1AE9F382-6040-470D-92F9-EE6DF4EC96B7}.Release|Any CPU.ActiveCfg = Release|Any CPU
		{1AE9F382-6040-470D-92F9-EE6DF4EC96B7}.Release|Any CPU.Build.0 = Release|Any CPU
		{84685AE5-0170-4887-BA46-DEF5E438728B}.Debug|Any CPU.ActiveCfg = Debug|Any CPU
		{84685AE5-0170-4887-BA46-DEF5E438728B}.Debug|Any CPU.Build.0 = Debug|Any CPU
		{84685AE5-0170-4887-BA46-DEF5E438728B}.Release|Any CPU.ActiveCfg = Release|Any CPU
		{84685AE5-0170-4887-BA46-DEF5E438728B}.Release|Any CPU.Build.0 = Release|Any CPU
	EndGlobalSection
	GlobalSection(SolutionProperties) = preSolution
		HideSolutionNode = FALSE
	EndGlobalSection
	GlobalSection(ExtensibilityGlobals) = postSolution
		SolutionGuid = {C1C416B3-2C87-44B6-9782-AE0B18743398}
	EndGlobalSection
EndGlobal
