
Microsoft Visual Studio Solution File, Format Version 12.00
# Visual Studio Version 17
VisualStudioVersion = 17.6.33829.357
MinimumVisualStudioVersion = 10.0.40219.1
Project("{9A19103F-16F7-4668-BE54-9A1E7A4F7556}") = "02.EvenOrOdd", "02.EvenOrOdd\02.EvenOrOdd.csproj", "{0115FBCF-0C15-46F1-B677-D730A3F582DD}"
EndProject
Project("{9A19103F-16F7-4668-BE54-9A1E7A4F7556}") = "03.NumberAsWords", "03.NumberAsWords\03.NumberAsWords.csproj", "{FFE8EC2C-A0FD-4753-9456-4F1FB3277172}"
EndProject
Project("{9A19103F-16F7-4668-BE54-9A1E7A4F7556}") = "04.GreaterNumber", "04.GreaterNumber\04.GreaterNumber.csproj", "{E91EF1A9-9456-4C99-8805-3B95B0FF381B}"
EndProject
Project("{9A19103F-16F7-4668-BE54-9A1E7A4F7556}") = "05.GuessThePassword", "05.GuessthePassword\05.GuessThePassword.csproj", "{0FD25A80-98EB-44A0-99CE-34F759BF1B85}"
EndProject
Project("{9A19103F-16F7-4668-BE54-9A1E7A4F7556}") = "06.BoilingWater", "06.BoilingWater\06.BoilingWater.csproj", "{C3459D1F-E101-4FD8-A829-BB78F6BA2AC6}"
EndProject
Project("{9A19103F-16F7-4668-BE54-9A1E7A4F7556}") = "07. SpeedInfo", "07. SpeedInfo\07. SpeedInfo.csproj", "{10DD2038-1B2C-4CA8-8F17-D707E8AFBD8B}"
EndProject
Project("{9A19103F-16F7-4668-BE54-9A1E7A4F7556}") = "08.TicketPrice", "08.TicketPrice\08.TicketPrice.csproj", "{C7F75A84-D91A-42B7-A8C3-A0159A40DA7D}"
EndProject
Project("{9A19103F-16F7-4668-BE54-9A1E7A4F7556}") = "09.AreaOfFigures", "09.AreaOfFigures\09.AreaOfFigures.csproj", "{25A17FBD-B715-4E28-A20B-479B804CE8BE}"
EndProject
Project("{9A19103F-16F7-4668-BE54-9A1E7A4F7556}") = "10.ValidTriangle", "10.ValidTriangle\10.ValidTriangle.csproj", "{6E27BC97-E5EC-43F0-9CA9-06DF8B21A7EF}"
EndProject
Project("{9A19103F-16F7-4668-BE54-9A1E7A4F7556}") = "11.CoffeeShop", "11.CoffeeShop\11.CoffeeShop.csproj", "{1DFFC605-951F-45DA-A9EB-CFA08F261575}"
EndProject
Project("{9A19103F-16F7-4668-BE54-9A1E7A4F7556}") = "12.CoffeeShopWithChecks", "12.CoffeeShopWithChecks\12.CoffeeShopWithChecks.csproj", "{D1116927-D6FF-4FF7-A20A-79AD5BA2E4E5}"
EndProject
Project("{9A19103F-16F7-4668-BE54-9A1E7A4F7556}") = "01.FreezingWeather", "01.FreezingWeather\01.FreezingWeather.csproj", "{CF473CC7-020F-4676-AF1F-C31375B20156}"
EndProject
Global
	GlobalSection(SolutionConfigurationPlatforms) = preSolution
		Debug|Any CPU = Debug|Any CPU
		Release|Any CPU = Release|Any CPU
	EndGlobalSection
	GlobalSection(ProjectConfigurationPlatforms) = postSolution
		{0115FBCF-0C15-46F1-B677-D730A3F582DD}.Debug|Any CPU.ActiveCfg = Debug|Any CPU
		{0115FBCF-0C15-46F1-B677-D730A3F582DD}.Debug|Any CPU.Build.0 = Debug|Any CPU
		{0115FBCF-0C15-46F1-B677-D730A3F582DD}.Release|Any CPU.ActiveCfg = Release|Any CPU
		{0115FBCF-0C15-46F1-B677-D730A3F582DD}.Release|Any CPU.Build.0 = Release|Any CPU
		{FFE8EC2C-A0FD-4753-9456-4F1FB3277172}.Debug|Any CPU.ActiveCfg = Debug|Any CPU
		{FFE8EC2C-A0FD-4753-9456-4F1FB3277172}.Debug|Any CPU.Build.0 = Debug|Any CPU
		{FFE8EC2C-A0FD-4753-9456-4F1FB3277172}.Release|Any CPU.ActiveCfg = Release|Any CPU
		{FFE8EC2C-A0FD-4753-9456-4F1FB3277172}.Release|Any CPU.Build.0 = Release|Any CPU
		{E91EF1A9-9456-4C99-8805-3B95B0FF381B}.Debug|Any CPU.ActiveCfg = Debug|Any CPU
		{E91EF1A9-9456-4C99-8805-3B95B0FF381B}.Debug|Any CPU.Build.0 = Debug|Any CPU
		{E91EF1A9-9456-4C99-8805-3B95B0FF381B}.Release|Any CPU.ActiveCfg = Release|Any CPU
		{E91EF1A9-9456-4C99-8805-3B95B0FF381B}.Release|Any CPU.Build.0 = Release|Any CPU
		{0FD25A80-98EB-44A0-99CE-34F759BF1B85}.Debug|Any CPU.ActiveCfg = Debug|Any CPU
		{0FD25A80-98EB-44A0-99CE-34F759BF1B85}.Debug|Any CPU.Build.0 = Debug|Any CPU
		{0FD25A80-98EB-44A0-99CE-34F759BF1B85}.Release|Any CPU.ActiveCfg = Release|Any CPU
		{0FD25A80-98EB-44A0-99CE-34F759BF1B85}.Release|Any CPU.Build.0 = Release|Any CPU
		{C3459D1F-E101-4FD8-A829-BB78F6BA2AC6}.Debug|Any CPU.ActiveCfg = Debug|Any CPU
		{C3459D1F-E101-4FD8-A829-BB78F6BA2AC6}.Debug|Any CPU.Build.0 = Debug|Any CPU
		{C3459D1F-E101-4FD8-A829-BB78F6BA2AC6}.Release|Any CPU.ActiveCfg = Release|Any CPU
		{C3459D1F-E101-4FD8-A829-BB78F6BA2AC6}.Release|Any CPU.Build.0 = Release|Any CPU
		{10DD2038-1B2C-4CA8-8F17-D707E8AFBD8B}.Debug|Any CPU.ActiveCfg = Debug|Any CPU
		{10DD2038-1B2C-4CA8-8F17-D707E8AFBD8B}.Debug|Any CPU.Build.0 = Debug|Any CPU
		{10DD2038-1B2C-4CA8-8F17-D707E8AFBD8B}.Release|Any CPU.ActiveCfg = Release|Any CPU
		{10DD2038-1B2C-4CA8-8F17-D707E8AFBD8B}.Release|Any CPU.Build.0 = Release|Any CPU
		{C7F75A84-D91A-42B7-A8C3-A0159A40DA7D}.Debug|Any CPU.ActiveCfg = Debug|Any CPU
		{C7F75A84-D91A-42B7-A8C3-A0159A40DA7D}.Debug|Any CPU.Build.0 = Debug|Any CPU
		{C7F75A84-D91A-42B7-A8C3-A0159A40DA7D}.Release|Any CPU.ActiveCfg = Release|Any CPU
		{C7F75A84-D91A-42B7-A8C3-A0159A40DA7D}.Release|Any CPU.Build.0 = Release|Any CPU
		{25A17FBD-B715-4E28-A20B-479B804CE8BE}.Debug|Any CPU.ActiveCfg = Debug|Any CPU
		{25A17FBD-B715-4E28-A20B-479B804CE8BE}.Debug|Any CPU.Build.0 = Debug|Any CPU
		{25A17FBD-B715-4E28-A20B-479B804CE8BE}.Release|Any CPU.ActiveCfg = Release|Any CPU
		{25A17FBD-B715-4E28-A20B-479B804CE8BE}.Release|Any CPU.Build.0 = Release|Any CPU
		{6E27BC97-E5EC-43F0-9CA9-06DF8B21A7EF}.Debug|Any CPU.ActiveCfg = Debug|Any CPU
		{6E27BC97-E5EC-43F0-9CA9-06DF8B21A7EF}.Debug|Any CPU.Build.0 = Debug|Any CPU
		{6E27BC97-E5EC-43F0-9CA9-06DF8B21A7EF}.Release|Any CPU.ActiveCfg = Release|Any CPU
		{6E27BC97-E5EC-43F0-9CA9-06DF8B21A7EF}.Release|Any CPU.Build.0 = Release|Any CPU
		{1DFFC605-951F-45DA-A9EB-CFA08F261575}.Debug|Any CPU.ActiveCfg = Debug|Any CPU
		{1DFFC605-951F-45DA-A9EB-CFA08F261575}.Debug|Any CPU.Build.0 = Debug|Any CPU
		{1DFFC605-951F-45DA-A9EB-CFA08F261575}.Release|Any CPU.ActiveCfg = Release|Any CPU
		{1DFFC605-951F-45DA-A9EB-CFA08F261575}.Release|Any CPU.Build.0 = Release|Any CPU
		{D1116927-D6FF-4FF7-A20A-79AD5BA2E4E5}.Debug|Any CPU.ActiveCfg = Debug|Any CPU
		{D1116927-D6FF-4FF7-A20A-79AD5BA2E4E5}.Debug|Any CPU.Build.0 = Debug|Any CPU
		{D1116927-D6FF-4FF7-A20A-79AD5BA2E4E5}.Release|Any CPU.ActiveCfg = Release|Any CPU
		{D1116927-D6FF-4FF7-A20A-79AD5BA2E4E5}.Release|Any CPU.Build.0 = Release|Any CPU
		{CF473CC7-020F-4676-AF1F-C31375B20156}.Debug|Any CPU.ActiveCfg = Debug|Any CPU
		{CF473CC7-020F-4676-AF1F-C31375B20156}.Debug|Any CPU.Build.0 = Debug|Any CPU
		{CF473CC7-020F-4676-AF1F-C31375B20156}.Release|Any CPU.ActiveCfg = Release|Any CPU
		{CF473CC7-020F-4676-AF1F-C31375B20156}.Release|Any CPU.Build.0 = Release|Any CPU
	EndGlobalSection
	GlobalSection(SolutionProperties) = preSolution
		HideSolutionNode = FALSE
	EndGlobalSection
	GlobalSection(ExtensibilityGlobals) = postSolution
		SolutionGuid = {7F169465-1D8C-4146-8E5D-8FD7B03F7263}
	EndGlobalSection
EndGlobal
