
Microsoft Visual Studio Solution File, Format Version 12.00
# Visual Studio Version 17
VisualStudioVersion = 17.6.33829.357
MinimumVisualStudioVersion = 10.0.40219.1
Project("{FAE04EC0-301F-11D3-BF4B-00C04F79EFBC}") = "01.NumberPyramid", "06.ExerciseNestedLoops\01.NumberPyramid.csproj", "{572066DA-3458-4589-997A-43011B5CA3FB}"
EndProject
Project("{FAE04EC0-301F-11D3-BF4B-00C04F79EFBC}") = "02.EqualSumOfEvenAndOdd", "02.EqualSumOfEvenAndOdd\02.EqualSumOfEvenAndOdd.csproj", "{A1A1FA90-967A-4E84-AAF3-E5142BADDAAC}"
EndProject
Project("{FAE04EC0-301F-11D3-BF4B-00C04F79EFBC}") = "03.SumOfPrimeAndNonPrime", "03.SumOfPrimeAndNonPrime\03.SumOfPrimeAndNonPrime.csproj", "{D45FBA3B-5191-4ABD-9841-CB7EBD3AFA3B}"
EndProject
Project("{FAE04EC0-301F-11D3-BF4B-00C04F79EFBC}") = "04.TrainTheTrainers", "04.TrainTheTrainers\04.TrainTheTrainers.csproj", "{1E92035E-238C-4B40-9353-2739776AB5E9}"
EndProject
Project("{FAE04EC0-301F-11D3-BF4B-00C04F79EFBC}") = "05.SpecialNumbers", "05.SpecialNumbers\05.SpecialNumbers.csproj", "{5068934E-1DDF-46A9-8E31-DB335E34EF30}"
EndProject
Project("{FAE04EC0-301F-11D3-BF4B-00C04F79EFBC}") = "06.CinemaTickets", "06.CinemaTickets\06.CinemaTickets.csproj", "{D04D0700-8D55-42E0-9C1B-F5B54E283C9C}"
EndProject
Global
	GlobalSection(SolutionConfigurationPlatforms) = preSolution
		Debug|Any CPU = Debug|Any CPU
		Release|Any CPU = Release|Any CPU
	EndGlobalSection
	GlobalSection(ProjectConfigurationPlatforms) = postSolution
		{572066DA-3458-4589-997A-43011B5CA3FB}.Debug|Any CPU.ActiveCfg = Debug|Any CPU
		{572066DA-3458-4589-997A-43011B5CA3FB}.Debug|Any CPU.Build.0 = Debug|Any CPU
		{572066DA-3458-4589-997A-43011B5CA3FB}.Release|Any CPU.ActiveCfg = Release|Any CPU
		{572066DA-3458-4589-997A-43011B5CA3FB}.Release|Any CPU.Build.0 = Release|Any CPU
		{A1A1FA90-967A-4E84-AAF3-E5142BADDAAC}.Debug|Any CPU.ActiveCfg = Debug|Any CPU
		{A1A1FA90-967A-4E84-AAF3-E5142BADDAAC}.Debug|Any CPU.Build.0 = Debug|Any CPU
		{A1A1FA90-967A-4E84-AAF3-E5142BADDAAC}.Release|Any CPU.ActiveCfg = Release|Any CPU
		{A1A1FA90-967A-4E84-AAF3-E5142BADDAAC}.Release|Any CPU.Build.0 = Release|Any CPU
		{D45FBA3B-5191-4ABD-9841-CB7EBD3AFA3B}.Debug|Any CPU.ActiveCfg = Debug|Any CPU
		{D45FBA3B-5191-4ABD-9841-CB7EBD3AFA3B}.Debug|Any CPU.Build.0 = Debug|Any CPU
		{D45FBA3B-5191-4ABD-9841-CB7EBD3AFA3B}.Release|Any CPU.ActiveCfg = Release|Any CPU
		{D45FBA3B-5191-4ABD-9841-CB7EBD3AFA3B}.Release|Any CPU.Build.0 = Release|Any CPU
		{1E92035E-238C-4B40-9353-2739776AB5E9}.Debug|Any CPU.ActiveCfg = Debug|Any CPU
		{1E92035E-238C-4B40-9353-2739776AB5E9}.Debug|Any CPU.Build.0 = Debug|Any CPU
		{1E92035E-238C-4B40-9353-2739776AB5E9}.Release|Any CPU.ActiveCfg = Release|Any CPU
		{1E92035E-238C-4B40-9353-2739776AB5E9}.Release|Any CPU.Build.0 = Release|Any CPU
		{5068934E-1DDF-46A9-8E31-DB335E34EF30}.Debug|Any CPU.ActiveCfg = Debug|Any CPU
		{5068934E-1DDF-46A9-8E31-DB335E34EF30}.Debug|Any CPU.Build.0 = Debug|Any CPU
		{5068934E-1DDF-46A9-8E31-DB335E34EF30}.Release|Any CPU.ActiveCfg = Release|Any CPU
		{5068934E-1DDF-46A9-8E31-DB335E34EF30}.Release|Any CPU.Build.0 = Release|Any CPU
		{D04D0700-8D55-42E0-9C1B-F5B54E283C9C}.Debug|Any CPU.ActiveCfg = Debug|Any CPU
		{D04D0700-8D55-42E0-9C1B-F5B54E283C9C}.Debug|Any CPU.Build.0 = Debug|Any CPU
		{D04D0700-8D55-42E0-9C1B-F5B54E283C9C}.Release|Any CPU.ActiveCfg = Release|Any CPU
		{D04D0700-8D55-42E0-9C1B-F5B54E283C9C}.Release|Any CPU.Build.0 = Release|Any CPU
	EndGlobalSection
	GlobalSection(SolutionProperties) = preSolution
		HideSolutionNode = FALSE
	EndGlobalSection
	GlobalSection(ExtensibilityGlobals) = postSolution
		SolutionGuid = {EF71C76A-014D-49C6-9EE1-3CFF7824D048}
	EndGlobalSection
EndGlobal
